
Microsoft Visual Studio Solution File, Format Version 12.00
Project("{FAE04EC0-301F-11D3-BF4B-00C04F79EFBC}") = "ArchipelagoBepinTemplate", "ArchipelagoBepinTemplate.csproj", "{7304F358-5850-4324-9B95-4672ABE262F4}"
EndProject
Project("{FAE04EC0-301F-11D3-BF4B-00C04F79EFBC}") = "ArchipelagoBepin5Template", "templates\ArchipelagoBepin5Template\ArchipelagoBepin5Template.csproj", "{88490AA6-632D-43B3-9F3E-E6A8C07AE95D}"
EndProject
Project("{FAE04EC0-301F-11D3-BF4B-00C04F79EFBC}") = "ArchipelagoBepin6Template.Net.CoreCLR", "templates\ArchipelagoBepin6Template.Net.CoreCLR\ArchipelagoBepin6Template.Net.CoreCLR.csproj", "{ACE55230-B83E-4F9D-B189-5D9EB4AB68DD}"
EndProject
Project("{FAE04EC0-301F-11D3-BF4B-00C04F79EFBC}") = "ArchipelagoBepin6Template.NET.Framework", "templates\ArchipelagoBepin6Template.NET.Framework\ArchipelagoBepin6Template.NET.Framework.csproj", "{5762A72F-56A6-45C9-8062-F8B632243661}"
EndProject
Project("{FAE04EC0-301F-11D3-BF4B-00C04F79EFBC}") = "ArchipelagoBepin6Template.Unity.IL2Cpp", "templates\ArchipelagoBepin6Template.Unity.IL2Cpp\ArchipelagoBepin6Template.Unity.IL2Cpp.csproj", "{8F956234-F988-44FE-8CBB-DB7BA52CBC6F}"
EndProject
Global
	GlobalSection(SolutionConfigurationPlatforms) = preSolution
		Debug|Any CPU = Debug|Any CPU
		Release|Any CPU = Release|Any CPU
	EndGlobalSection
	GlobalSection(ProjectConfigurationPlatforms) = postSolution
		{7304F358-5850-4324-9B95-4672ABE262F4}.Debug|Any CPU.ActiveCfg = Debug|Any CPU
		{7304F358-5850-4324-9B95-4672ABE262F4}.Debug|Any CPU.Build.0 = Debug|Any CPU
		{7304F358-5850-4324-9B95-4672ABE262F4}.Release|Any CPU.ActiveCfg = Release|Any CPU
		{7304F358-5850-4324-9B95-4672ABE262F4}.Release|Any CPU.Build.0 = Release|Any CPU
		{88490AA6-632D-43B3-9F3E-E6A8C07AE95D}.Debug|Any CPU.ActiveCfg = Debug|Any CPU
		{88490AA6-632D-43B3-9F3E-E6A8C07AE95D}.Debug|Any CPU.Build.0 = Debug|Any CPU
		{88490AA6-632D-43B3-9F3E-E6A8C07AE95D}.Release|Any CPU.ActiveCfg = Release|Any CPU
		{88490AA6-632D-43B3-9F3E-E6A8C07AE95D}.Release|Any CPU.Build.0 = Release|Any CPU
		{ACE55230-B83E-4F9D-B189-5D9EB4AB68DD}.Debug|Any CPU.ActiveCfg = Debug|Any CPU
		{ACE55230-B83E-4F9D-B189-5D9EB4AB68DD}.Debug|Any CPU.Build.0 = Debug|Any CPU
		{ACE55230-B83E-4F9D-B189-5D9EB4AB68DD}.Release|Any CPU.ActiveCfg = Release|Any CPU
		{ACE55230-B83E-4F9D-B189-5D9EB4AB68DD}.Release|Any CPU.Build.0 = Release|Any CPU
		{5762A72F-56A6-45C9-8062-F8B632243661}.Debug|Any CPU.ActiveCfg = Debug|Any CPU
		{5762A72F-56A6-45C9-8062-F8B632243661}.Debug|Any CPU.Build.0 = Debug|Any CPU
		{5762A72F-56A6-45C9-8062-F8B632243661}.Release|Any CPU.ActiveCfg = Release|Any CPU
		{5762A72F-56A6-45C9-8062-F8B632243661}.Release|Any CPU.Build.0 = Release|Any CPU
		{8F956234-F988-44FE-8CBB-DB7BA52CBC6F}.Debug|Any CPU.ActiveCfg = Debug|Any CPU
		{8F956234-F988-44FE-8CBB-DB7BA52CBC6F}.Debug|Any CPU.Build.0 = Debug|Any CPU
		{8F956234-F988-44FE-8CBB-DB7BA52CBC6F}.Release|Any CPU.ActiveCfg = Release|Any CPU
		{8F956234-F988-44FE-8CBB-DB7BA52CBC6F}.Release|Any CPU.Build.0 = Release|Any CPU
	EndGlobalSection
EndGlobal
