
Microsoft Visual Studio Solution File, Format Version 12.00
Project("{FAE04EC0-301F-11D3-BF4B-00C04F79EFBC}") = "BepInEx5ArchipelagoPluginTemplate", "BepInEx5ArchipelagoPluginTemplate.csproj", "{1B6125F5-3C65-4B15-A8E9-8024B1730E6F}"
EndProject
Global
	GlobalSection(SolutionConfigurationPlatforms) = preSolution
		Debug|Any CPU = Debug|Any CPU
		Release|Any CPU = Release|Any CPU
	EndGlobalSection
	GlobalSection(ProjectConfigurationPlatforms) = postSolution
		{1B6125F5-3C65-4B15-A8E9-8024B1730E6F}.Debug|Any CPU.ActiveCfg = Debug|Any CPU
		{1B6125F5-3C65-4B15-A8E9-8024B1730E6F}.Debug|Any CPU.Build.0 = Debug|Any CPU
		{1B6125F5-3C65-4B15-A8E9-8024B1730E6F}.Release|Any CPU.ActiveCfg = Release|Any CPU
		{1B6125F5-3C65-4B15-A8E9-8024B1730E6F}.Release|Any CPU.Build.0 = Release|Any CPU
	EndGlobalSection
EndGlobal
